
Microsoft Visual Studio Solution File, Format Version 12.00
# Visual Studio Version 16
VisualStudioVersion = 25.0.1703.8
MinimumVisualStudioVersion = 10.0.40219.1
Project("{FAE04EC0-301F-11D3-BF4B-00C04F79EFBC}") = "PoopHubReact", "PoopHubReact\PoopHubReact.csproj", "{2769FEDC-282F-432E-A9CC-DD544DBEC5C9}"
EndProject
Global
	GlobalSection(SolutionConfigurationPlatforms) = preSolution
		Debug|Any CPU = Debug|Any CPU
		Release|Any CPU = Release|Any CPU
	EndGlobalSection
	GlobalSection(ProjectConfigurationPlatforms) = postSolution
		{2769FEDC-282F-432E-A9CC-DD544DBEC5C9}.Debug|Any CPU.ActiveCfg = Debug|Any CPU
		{2769FEDC-282F-432E-A9CC-DD544DBEC5C9}.Debug|Any CPU.Build.0 = Debug|Any CPU
		{2769FEDC-282F-432E-A9CC-DD544DBEC5C9}.Release|Any CPU.ActiveCfg = Release|Any CPU
		{2769FEDC-282F-432E-A9CC-DD544DBEC5C9}.Release|Any CPU.Build.0 = Release|Any CPU
	EndGlobalSection
	GlobalSection(SolutionProperties) = preSolution
		HideSolutionNode = FALSE
	EndGlobalSection
	GlobalSection(ExtensibilityGlobals) = postSolution
		SolutionGuid = {7177656E-32F8-4216-9076-B3D217231EDE}
	EndGlobalSection
EndGlobal
